
Microsoft Visual Studio Solution File, Format Version 12.00
# Visual Studio 2013
VisualStudioVersion = 12.0.21005.1
MinimumVisualStudioVersion = 10.0.40219.1
Project("{FAE04EC0-301F-11D3-BF4B-00C04F79EFBC}") = "SingletonPattern_ex", "SingletonPattern_ex\SingletonPattern_ex.csproj", "{472EE4EB-550F-47FE-A5B5-CA098E0DDEBB}"
EndProject
Global
	GlobalSection(SolutionConfigurationPlatforms) = preSolution
		Debug|Any CPU = Debug|Any CPU
		Release|Any CPU = Release|Any CPU
	EndGlobalSection
	GlobalSection(ProjectConfigurationPlatforms) = postSolution
		{472EE4EB-550F-47FE-A5B5-CA098E0DDEBB}.Debug|Any CPU.ActiveCfg = Debug|Any CPU
		{472EE4EB-550F-47FE-A5B5-CA098E0DDEBB}.Debug|Any CPU.Build.0 = Debug|Any CPU
		{472EE4EB-550F-47FE-A5B5-CA098E0DDEBB}.Release|Any CPU.ActiveCfg = Release|Any CPU
		{472EE4EB-550F-47FE-A5B5-CA098E0DDEBB}.Release|Any CPU.Build.0 = Release|Any CPU
	EndGlobalSection
	GlobalSection(SolutionProperties) = preSolution
		HideSolutionNode = FALSE
	EndGlobalSection
EndGlobal
