
Microsoft Visual Studio Solution File, Format Version 12.00
# Visual Studio 2013
VisualStudioVersion = 12.0.21005.1
MinimumVisualStudioVersion = 10.0.40219.1
Project("{FAE04EC0-301F-11D3-BF4B-00C04F79EFBC}") = "FacadePattern_ex", "FacadePattern_ex\FacadePattern_ex.csproj", "{03A17A31-7D02-4250-A7D4-D2C470FE617E}"
EndProject
Global
	GlobalSection(SolutionConfigurationPlatforms) = preSolution
		Debug|Any CPU = Debug|Any CPU
		Release|Any CPU = Release|Any CPU
	EndGlobalSection
	GlobalSection(ProjectConfigurationPlatforms) = postSolution
		{03A17A31-7D02-4250-A7D4-D2C470FE617E}.Debug|Any CPU.ActiveCfg = Debug|Any CPU
		{03A17A31-7D02-4250-A7D4-D2C470FE617E}.Debug|Any CPU.Build.0 = Debug|Any CPU
		{03A17A31-7D02-4250-A7D4-D2C470FE617E}.Release|Any CPU.ActiveCfg = Release|Any CPU
		{03A17A31-7D02-4250-A7D4-D2C470FE617E}.Release|Any CPU.Build.0 = Release|Any CPU
	EndGlobalSection
	GlobalSection(SolutionProperties) = preSolution
		HideSolutionNode = FALSE
	EndGlobalSection
EndGlobal
