
Microsoft Visual Studio Solution File, Format Version 12.00
# Visual Studio 2013
VisualStudioVersion = 12.0.21005.1
MinimumVisualStudioVersion = 10.0.40219.1
Project("{FAE04EC0-301F-11D3-BF4B-00C04F79EFBC}") = "Struct_ex", "Struct_ex\Struct_ex.csproj", "{EDBF123D-7AB0-490C-9037-AAC036BF46FA}"
EndProject
Global
	GlobalSection(SolutionConfigurationPlatforms) = preSolution
		Debug|Any CPU = Debug|Any CPU
		Release|Any CPU = Release|Any CPU
	EndGlobalSection
	GlobalSection(ProjectConfigurationPlatforms) = postSolution
		{EDBF123D-7AB0-490C-9037-AAC036BF46FA}.Debug|Any CPU.ActiveCfg = Debug|Any CPU
		{EDBF123D-7AB0-490C-9037-AAC036BF46FA}.Debug|Any CPU.Build.0 = Debug|Any CPU
		{EDBF123D-7AB0-490C-9037-AAC036BF46FA}.Release|Any CPU.ActiveCfg = Release|Any CPU
		{EDBF123D-7AB0-490C-9037-AAC036BF46FA}.Release|Any CPU.Build.0 = Release|Any CPU
	EndGlobalSection
	GlobalSection(SolutionProperties) = preSolution
		HideSolutionNode = FALSE
	EndGlobalSection
EndGlobal
